
Microsoft Visual Studio Solution File, Format Version 12.00
Project("{FAE04EC0-301F-11D3-BF4B-00C04F79EFBC}") = "DistanceConverter", "DistanceConverter\DistanceConverter.csproj", "{9B11F822-8838-4715-AB91-A4EE486620E3}"
EndProject
Global
	GlobalSection(SolutionConfigurationPlatforms) = preSolution
		Debug|Any CPU = Debug|Any CPU
		Release|Any CPU = Release|Any CPU
	EndGlobalSection
	GlobalSection(ProjectConfigurationPlatforms) = postSolution
		{9B11F822-8838-4715-AB91-A4EE486620E3}.Debug|Any CPU.ActiveCfg = Debug|Any CPU
		{9B11F822-8838-4715-AB91-A4EE486620E3}.Debug|Any CPU.Build.0 = Debug|Any CPU
		{9B11F822-8838-4715-AB91-A4EE486620E3}.Release|Any CPU.ActiveCfg = Release|Any CPU
		{9B11F822-8838-4715-AB91-A4EE486620E3}.Release|Any CPU.Build.0 = Release|Any CPU
	EndGlobalSection
EndGlobal
